
Microsoft Visual Studio Solution File, Format Version 12.00
# Visual Studio Version 17
VisualStudioVersion = 17.13.35931.197
MinimumVisualStudioVersion = 10.0.40219.1
Project("{54A90642-561A-4BB1-A94E-469ADEE60C69}") = "taskmanager.client", "TaskManager\taskmanager.client\taskmanager.client.esproj", "{5D44BEC6-3571-98EA-54FA-7239EEDB5FEE}"
EndProject
Project("{FAE04EC0-301F-11D3-BF4B-00C04F79EFBC}") = "TaskManager.Tests", "TaskManager.Tests\TaskManager.Tests.csproj", "{A2004ECF-8911-08DB-664E-B6A531416493}"
EndProject
Project("{FAE04EC0-301F-11D3-BF4B-00C04F79EFBC}") = "TaskManager.Server", "TaskManager\TaskManager.Server\TaskManager.Server.csproj", "{614EEF16-E2FE-3FC0-0FF2-B440CC256CCF}"
EndProject
Global
	GlobalSection(SolutionConfigurationPlatforms) = preSolution
		Debug|Any CPU = Debug|Any CPU
		Release|Any CPU = Release|Any CPU
	EndGlobalSection
	GlobalSection(ProjectConfigurationPlatforms) = postSolution
		{5D44BEC6-3571-98EA-54FA-7239EEDB5FEE}.Debug|Any CPU.ActiveCfg = Debug|Any CPU
		{5D44BEC6-3571-98EA-54FA-7239EEDB5FEE}.Debug|Any CPU.Build.0 = Debug|Any CPU
		{5D44BEC6-3571-98EA-54FA-7239EEDB5FEE}.Debug|Any CPU.Deploy.0 = Debug|Any CPU
		{5D44BEC6-3571-98EA-54FA-7239EEDB5FEE}.Release|Any CPU.ActiveCfg = Release|Any CPU
		{5D44BEC6-3571-98EA-54FA-7239EEDB5FEE}.Release|Any CPU.Build.0 = Release|Any CPU
		{5D44BEC6-3571-98EA-54FA-7239EEDB5FEE}.Release|Any CPU.Deploy.0 = Release|Any CPU
		{A2004ECF-8911-08DB-664E-B6A531416493}.Debug|Any CPU.ActiveCfg = Debug|Any CPU
		{A2004ECF-8911-08DB-664E-B6A531416493}.Debug|Any CPU.Build.0 = Debug|Any CPU
		{A2004ECF-8911-08DB-664E-B6A531416493}.Release|Any CPU.ActiveCfg = Release|Any CPU
		{A2004ECF-8911-08DB-664E-B6A531416493}.Release|Any CPU.Build.0 = Release|Any CPU
		{614EEF16-E2FE-3FC0-0FF2-B440CC256CCF}.Debug|Any CPU.ActiveCfg = Debug|Any CPU
		{614EEF16-E2FE-3FC0-0FF2-B440CC256CCF}.Debug|Any CPU.Build.0 = Debug|Any CPU
		{614EEF16-E2FE-3FC0-0FF2-B440CC256CCF}.Release|Any CPU.ActiveCfg = Release|Any CPU
		{614EEF16-E2FE-3FC0-0FF2-B440CC256CCF}.Release|Any CPU.Build.0 = Release|Any CPU
	EndGlobalSection
	GlobalSection(SolutionProperties) = preSolution
		HideSolutionNode = FALSE
	EndGlobalSection
	GlobalSection(ExtensibilityGlobals) = postSolution
		SolutionGuid = {DB36C3FD-D899-4B36-AC31-33FD58EC3D79}
	EndGlobalSection
EndGlobal
